{
  "version": 4,
  "terraform_version": "0.14.4",
  "serial": 61,
  "lineage": "4fca1383-c7b0-922a-43bb-23c69fa97f81",
  "outputs": {},
  "resources": [
    {
      "mode": "data",
      "type": "terraform_remote_state",
      "name": "vpc",
      "provider": "provider[\"terraform.io/builtin/terraform\"]",
      "instances": [
        {
          "schema_version": 0,
          "attributes": {
            "backend": "local",
            "config": {
              "value": {
                "path": "../network/terraform.tfstate"
              },
              "type": [
                "object",
                {
                  "path": "string"
                }
              ]
            },
            "defaults": null,
            "outputs": {
              "value": {
                "private_subnets": [
                  "subnet-0e1b7c3f8aacc4759",
                  "subnet-09a7a1dfc4792afe1",
                  "subnet-02757ebf5a22c74b8"
                ],
                "vpc_id": "vpc-058cc6a155bfcd98c"
              },
              "type": [
                "object",
                {
                  "private_subnets": [
                    "tuple",
                    [
                      "string",
                      "string",
                      "string"
                    ]
                  ],
                  "vpc_id": "string"
                }
              ]
            },
            "workspace": null
          },
          "sensitive_attributes": []
        }
      ]
    },
    {
      "module": "module.cluster",
      "mode": "data",
      "type": "aws_eks_cluster",
      "name": "cluster",
      "provider": "module.cluster.provider[\"registry.terraform.io/hashicorp/aws\"]",
      "instances": [
        {
          "schema_version": 0,
          "attributes": {
            "arn": "arn:aws:eks:eu-west-1:947342103870:cluster/cluster1",
            "certificate_authority": [
              {
                "data": "LS0tLS1CRUdJTiBDRVJUSUZJQ0FURS0tLS0tCk1JSUN5RENDQWJDZ0F3SUJBZ0lCQURBTkJna3Foa2lHOXcwQkFRc0ZBREFWTVJNd0VRWURWUVFERXdwcmRXSmwKY201bGRHVnpNQjRYRFRJeE1ERXhOakE1TVRjeE1Wb1hEVE14TURFeE5EQTVNVGN4TVZvd0ZURVRNQkVHQTFVRQpBeE1LYTNWaVpYSnVaWFJsY3pDQ0FTSXdEUVlKS29aSWh2Y05BUUVCQlFBRGdnRVBBRENDQVFvQ2dnRUJBTkd3CkJxeUR3NFVpN0FYRjBGbC9scUpXdkJ4RFdqWWNTNmxBVzNSbDJIVVB6QU1yTVlUZ0o3MGFCb0I5Q2Q3VTBoL0oKSFUvUzNrOGc4cDRhREYrKzZaQ00yWG9MblA3aHI3U2FzVmo3bEdpKzcyVGdkbCtjWjVpYjlubUpFVGpyRXRycgpiOHdWLzYzNHBhTGRsNkZWS0twNkF1UkJvS1JuVmp6ZjRLS0dHdndPMVExOWNSNUg0SXh0SDUyRnV3cHMyN1JOCndKZEh5b3d2ZzdaRGZ0T3k4cVB4VDlOWUJydWxndHRvSW52Z0pJN3VMMnJ6ZnBKYVJ4WHYvM21XZjFvaE0vRWcKMXhLc3dCbnhWdVdxWWRCK0JQTktMTURRTTFNZ0JqdmlwNHNvUzE2emJWbGlkQUpTMituUm9BdW1tbElYemNFNQpMTHh6VEhZdmtCbTV5NVVjNkVzQ0F3RUFBYU1qTUNFd0RnWURWUjBQQVFIL0JBUURBZ0trTUE4R0ExVWRFd0VCCi93UUZNQU1CQWY4d0RRWUpLb1pJaHZjTkFRRUxCUUFEZ2dFQkFGQ2JJMCtnUVF2enJGclhQb1NjejhjZ2puSksKR0FqU1kwdk0wNi9oVS95T1RUU3o4c2YyZ3RCbWVFZytrWER4TU8xbWg5ZjNnelVVaXNlb0lYaFJHVDdRWjFmSQpPendXYWQ2MS9oTUx5VHQzQzg4NUczSGJpUXF6aDhmVDNQaVNVczJqamtvaUdUM2tLSWFzZEtnNTZwVXJDdWJLClRleURURHlPc09ySlBQcHU2aHdtb3VWTFh3UGdaMzRYZmFXMkxMYXVjV05BV0dDY1IrSTVzMHJ2Q0prbGNTQ3YKdmFuSGRmMmczSDRFbkRjdW10Y0J0cFkrY0dhYmQ2ZmlKcFU4d3Jsc0w1RUcwclRhQkNKQlNIaG5QdE5LY2liMwpCWGc1d3Uxd2JtK045bVh2NkNCNFVTTnZWOWhzTnBoVC92UlBiMk1reDdEU0JDTHdoaW5mcEw5aXpaZz0KLS0tLS1FTkQgQ0VSVElGSUNBVEUtLS0tLQo="
              }
            ],
            "created_at": "2021-01-16 09:09:15.896 +0000 UTC",
            "enabled_cluster_log_types": [],
            "endpoint": "https://2DA6103E1A9C9B93F8A90165F7FDE13B.gr7.eu-west-1.eks.amazonaws.com",
            "id": "cluster1",
            "identity": [
              {
                "oidc": [
                  {
                    "issuer": "https://oidc.eks.eu-west-1.amazonaws.com/id/2DA6103E1A9C9B93F8A90165F7FDE13B"
                  }
                ]
              }
            ],
            "kubernetes_network_config": [
              {
                "service_ipv4_cidr": "172.20.0.0/16"
              }
            ],
            "name": "cluster1",
            "platform_version": "eks.3",
            "role_arn": "arn:aws:iam::947342103870:role/cluster120210116090824760500000004",
            "status": "ACTIVE",
            "tags": {},
            "version": "1.18",
            "vpc_config": [
              {
                "cluster_security_group_id": "sg-09121b8bafb058488",
                "endpoint_private_access": false,
                "endpoint_public_access": true,
                "public_access_cidrs": [
                  "0.0.0.0/0"
                ],
                "security_group_ids": [
                  "sg-0ace68d01f808d7c6"
                ],
                "subnet_ids": [
                  "subnet-02757ebf5a22c74b8",
                  "subnet-09a7a1dfc4792afe1",
                  "subnet-0e1b7c3f8aacc4759"
                ],
                "vpc_id": "vpc-058cc6a155bfcd98c"
              }
            ]
          },
          "sensitive_attributes": []
        }
      ]
    },
    {
      "module": "module.cluster",
      "mode": "data",
      "type": "aws_eks_cluster_auth",
      "name": "cluster",
      "provider": "module.cluster.provider[\"registry.terraform.io/hashicorp/aws\"]",
      "instances": [
        {
          "schema_version": 0,
          "attributes": {
            "id": "cluster1",
            "name": "cluster1",
            "token": "k8s-aws-v1.aHR0cHM6Ly9zdHMuYW1hem9uYXdzLmNvbS8_QWN0aW9uPUdldENhbGxlcklkZW50aXR5JlZlcnNpb249MjAxMS0wNi0xNSZYLUFtei1BbGdvcml0aG09QVdTNC1ITUFDLVNIQTI1NiZYLUFtei1DcmVkZW50aWFsPUFLSUE1WkVQNUtVN0ZLQ0RLRk8zJTJGMjAyMTAxMTYlMkZ1cy1lYXN0LTElMkZzdHMlMkZhd3M0X3JlcXVlc3QmWC1BbXotRGF0ZT0yMDIxMDExNlQwOTIzNDdaJlgtQW16LUV4cGlyZXM9MCZYLUFtei1TaWduZWRIZWFkZXJzPWhvc3QlM0J4LWs4cy1hd3MtaWQmWC1BbXotU2lnbmF0dXJlPTAzNzdlOGI4YzEwNTkzNTExODI3NzIyNTEyOGE3MmFlOTQ5MmY0NGMxNjQ3Njg0ZjNkNDA3ZGNlNGNjMmRkNTY"
          },
          "sensitive_attributes": []
        }
      ]
    },
    {
      "module": "module.cluster.module.eks",
      "mode": "data",
      "type": "aws_ami",
      "name": "eks_worker",
      "provider": "module.cluster.provider[\"registry.terraform.io/hashicorp/aws\"]",
      "instances": [
        {
          "schema_version": 0,
          "attributes": {
            "architecture": "x86_64",
            "arn": "arn:aws:ec2:eu-west-1::image/ami-0db82b052b17b9cb8",
            "block_device_mappings": [
              {
                "device_name": "/dev/xvda",
                "ebs": {
                  "delete_on_termination": "true",
                  "encrypted": "false",
                  "iops": "0",
                  "snapshot_id": "snap-04e30a34e54879bc0",
                  "volume_size": "20",
                  "volume_type": "gp2"
                },
                "no_device": "",
                "virtual_name": ""
              }
            ],
            "creation_date": "2021-01-13T05:46:37.000Z",
            "description": "EKS Kubernetes Worker AMI with AmazonLinux2 image, (k8s: 1.18.9, docker: 19.03.6ce-4.amzn2, containerd: 1.4.1-2.amzn2)",
            "executable_users": null,
            "filter": [
              {
                "name": "name",
                "values": [
                  "amazon-eks-node-1.18-v*"
                ]
              }
            ],
            "hypervisor": "xen",
            "id": "ami-0db82b052b17b9cb8",
            "image_id": "ami-0db82b052b17b9cb8",
            "image_location": "amazon/amazon-eks-node-1.18-v20210112",
            "image_owner_alias": "amazon",
            "image_type": "machine",
            "kernel_id": null,
            "most_recent": true,
            "name": "amazon-eks-node-1.18-v20210112",
            "name_regex": null,
            "owner_id": "602401143452",
            "owners": [
              "amazon"
            ],
            "platform": null,
            "product_codes": [],
            "public": true,
            "ramdisk_id": null,
            "root_device_name": "/dev/xvda",
            "root_device_type": "ebs",
            "root_snapshot_id": "snap-04e30a34e54879bc0",
            "sriov_net_support": "simple",
            "state": "available",
            "state_reason": {
              "code": "UNSET",
              "message": "UNSET"
            },
            "tags": {},
            "virtualization_type": "hvm"
          },
          "sensitive_attributes": []
        }
      ]
    },
    {
      "module": "module.cluster.module.eks",
      "mode": "data",
      "type": "aws_caller_identity",
      "name": "current",
      "provider": "module.cluster.provider[\"registry.terraform.io/hashicorp/aws\"]",
      "instances": [
        {
          "schema_version": 0,
          "attributes": {
            "account_id": "947342103870",
            "arn": "arn:aws:iam::947342103870:user/bogdan.mutiu",
            "id": "947342103870",
            "user_id": "AIDAJFBKJHC4EJJXTRDNS"
          },
          "sensitive_attributes": []
        }
      ]
    },
    {
      "module": "module.cluster.module.eks",
      "mode": "data",
      "type": "aws_iam_policy_document",
      "name": "cluster_assume_role_policy",
      "provider": "module.cluster.provider[\"registry.terraform.io/hashicorp/aws\"]",
      "instances": [
        {
          "schema_version": 0,
          "attributes": {
            "id": "2764486067",
            "json": "{\n  \"Version\": \"2012-10-17\",\n  \"Statement\": [\n    {\n      \"Sid\": \"EKSClusterAssumeRole\",\n      \"Effect\": \"Allow\",\n      \"Action\": \"sts:AssumeRole\",\n      \"Principal\": {\n        \"Service\": \"eks.amazonaws.com\"\n      }\n    }\n  ]\n}",
            "override_json": null,
            "policy_id": null,
            "source_json": null,
            "statement": [
              {
                "actions": [
                  "sts:AssumeRole"
                ],
                "condition": [],
                "effect": "Allow",
                "not_actions": [],
                "not_principals": [],
                "not_resources": [],
                "principals": [
                  {
                    "identifiers": [
                      "eks.amazonaws.com"
                    ],
                    "type": "Service"
                  }
                ],
                "resources": [],
                "sid": "EKSClusterAssumeRole"
              }
            ],
            "version": "2012-10-17"
          },
          "sensitive_attributes": []
        }
      ]
    },
    {
      "module": "module.cluster.module.eks",
      "mode": "data",
      "type": "aws_iam_policy_document",
      "name": "workers_assume_role_policy",
      "provider": "module.cluster.provider[\"registry.terraform.io/hashicorp/aws\"]",
      "instances": [
        {
          "schema_version": 0,
          "attributes": {
            "id": "3778018924",
            "json": "{\n  \"Version\": \"2012-10-17\",\n  \"Statement\": [\n    {\n      \"Sid\": \"EKSWorkerAssumeRole\",\n      \"Effect\": \"Allow\",\n      \"Action\": \"sts:AssumeRole\",\n      \"Principal\": {\n        \"Service\": \"ec2.amazonaws.com\"\n      }\n    }\n  ]\n}",
            "override_json": null,
            "policy_id": null,
            "source_json": null,
            "statement": [
              {
                "actions": [
                  "sts:AssumeRole"
                ],
                "condition": [],
                "effect": "Allow",
                "not_actions": [],
                "not_principals": [],
                "not_resources": [],
                "principals": [
                  {
                    "identifiers": [
                      "ec2.amazonaws.com"
                    ],
                    "type": "Service"
                  }
                ],
                "resources": [],
                "sid": "EKSWorkerAssumeRole"
              }
            ],
            "version": "2012-10-17"
          },
          "sensitive_attributes": []
        }
      ]
    },
    {
      "module": "module.cluster.module.eks",
      "mode": "data",
      "type": "aws_partition",
      "name": "current",
      "provider": "module.cluster.provider[\"registry.terraform.io/hashicorp/aws\"]",
      "instances": [
        {
          "schema_version": 0,
          "attributes": {
            "dns_suffix": "amazonaws.com",
            "id": "aws",
            "partition": "aws",
            "reverse_dns_prefix": "com.amazonaws"
          },
          "sensitive_attributes": []
        }
      ]
    },
    {
      "module": "module.cluster.module.eks",
      "mode": "managed",
      "type": "aws_eks_cluster",
      "name": "this",
      "provider": "module.cluster.provider[\"registry.terraform.io/hashicorp/aws\"]",
      "instances": [
        {
          "index_key": 0,
          "schema_version": 0,
          "attributes": {
            "arn": "arn:aws:eks:eu-west-1:947342103870:cluster/cluster1",
            "certificate_authority": [
              {
                "data": "LS0tLS1CRUdJTiBDRVJUSUZJQ0FURS0tLS0tCk1JSUN5RENDQWJDZ0F3SUJBZ0lCQURBTkJna3Foa2lHOXcwQkFRc0ZBREFWTVJNd0VRWURWUVFERXdwcmRXSmwKY201bGRHVnpNQjRYRFRJeE1ERXhOakE1TVRjeE1Wb1hEVE14TURFeE5EQTVNVGN4TVZvd0ZURVRNQkVHQTFVRQpBeE1LYTNWaVpYSnVaWFJsY3pDQ0FTSXdEUVlKS29aSWh2Y05BUUVCQlFBRGdnRVBBRENDQVFvQ2dnRUJBTkd3CkJxeUR3NFVpN0FYRjBGbC9scUpXdkJ4RFdqWWNTNmxBVzNSbDJIVVB6QU1yTVlUZ0o3MGFCb0I5Q2Q3VTBoL0oKSFUvUzNrOGc4cDRhREYrKzZaQ00yWG9MblA3aHI3U2FzVmo3bEdpKzcyVGdkbCtjWjVpYjlubUpFVGpyRXRycgpiOHdWLzYzNHBhTGRsNkZWS0twNkF1UkJvS1JuVmp6ZjRLS0dHdndPMVExOWNSNUg0SXh0SDUyRnV3cHMyN1JOCndKZEh5b3d2ZzdaRGZ0T3k4cVB4VDlOWUJydWxndHRvSW52Z0pJN3VMMnJ6ZnBKYVJ4WHYvM21XZjFvaE0vRWcKMXhLc3dCbnhWdVdxWWRCK0JQTktMTURRTTFNZ0JqdmlwNHNvUzE2emJWbGlkQUpTMituUm9BdW1tbElYemNFNQpMTHh6VEhZdmtCbTV5NVVjNkVzQ0F3RUFBYU1qTUNFd0RnWURWUjBQQVFIL0JBUURBZ0trTUE4R0ExVWRFd0VCCi93UUZNQU1CQWY4d0RRWUpLb1pJaHZjTkFRRUxCUUFEZ2dFQkFGQ2JJMCtnUVF2enJGclhQb1NjejhjZ2puSksKR0FqU1kwdk0wNi9oVS95T1RUU3o4c2YyZ3RCbWVFZytrWER4TU8xbWg5ZjNnelVVaXNlb0lYaFJHVDdRWjFmSQpPendXYWQ2MS9oTUx5VHQzQzg4NUczSGJpUXF6aDhmVDNQaVNVczJqamtvaUdUM2tLSWFzZEtnNTZwVXJDdWJLClRleURURHlPc09ySlBQcHU2aHdtb3VWTFh3UGdaMzRYZmFXMkxMYXVjV05BV0dDY1IrSTVzMHJ2Q0prbGNTQ3YKdmFuSGRmMmczSDRFbkRjdW10Y0J0cFkrY0dhYmQ2ZmlKcFU4d3Jsc0w1RUcwclRhQkNKQlNIaG5QdE5LY2liMwpCWGc1d3Uxd2JtK045bVh2NkNCNFVTTnZWOWhzTnBoVC92UlBiMk1reDdEU0JDTHdoaW5mcEw5aXpaZz0KLS0tLS1FTkQgQ0VSVElGSUNBVEUtLS0tLQo="
              }
            ],
            "created_at": "2021-01-16 09:09:15.896 +0000 UTC",
            "enabled_cluster_log_types": null,
            "encryption_config": [],
            "endpoint": "https://2DA6103E1A9C9B93F8A90165F7FDE13B.gr7.eu-west-1.eks.amazonaws.com",
            "id": "cluster1",
            "identity": [
              {
                "oidc": [
                  {
                    "issuer": "https://oidc.eks.eu-west-1.amazonaws.com/id/2DA6103E1A9C9B93F8A90165F7FDE13B"
                  }
                ]
              }
            ],
            "kubernetes_network_config": [
              {
                "service_ipv4_cidr": "172.20.0.0/16"
              }
            ],
            "name": "cluster1",
            "platform_version": "eks.3",
            "role_arn": "arn:aws:iam::947342103870:role/cluster120210116090824760500000004",
            "status": "ACTIVE",
            "tags": null,
            "timeouts": {
              "create": "30m",
              "delete": "15m",
              "update": null
            },
            "version": "1.18",
            "vpc_config": [
              {
                "cluster_security_group_id": "sg-09121b8bafb058488",
                "endpoint_private_access": false,
                "endpoint_public_access": true,
                "public_access_cidrs": [
                  "0.0.0.0/0"
                ],
                "security_group_ids": [
                  "sg-0ace68d01f808d7c6"
                ],
                "subnet_ids": [
                  "subnet-02757ebf5a22c74b8",
                  "subnet-09a7a1dfc4792afe1",
                  "subnet-0e1b7c3f8aacc4759"
                ],
                "vpc_id": "vpc-058cc6a155bfcd98c"
              }
            ]
          },
          "sensitive_attributes": [],
          "private": "eyJlMmJmYjczMC1lY2FhLTExZTYtOGY4OC0zNDM2M2JjN2M0YzAiOnsiY3JlYXRlIjoxODAwMDAwMDAwMDAwLCJkZWxldGUiOjkwMDAwMDAwMDAwMCwidXBkYXRlIjozNjAwMDAwMDAwMDAwfX0=",
          "dependencies": [
            "data.terraform_remote_state.vpc",
            "module.cluster.module.eks.aws_cloudwatch_log_group.this",
            "module.cluster.module.eks.aws_iam_role.cluster",
            "module.cluster.module.eks.aws_iam_role_policy_attachment.cluster_AmazonEKSClusterPolicy",
            "module.cluster.module.eks.aws_iam_role_policy_attachment.cluster_AmazonEKSServicePolicy",
            "module.cluster.module.eks.aws_iam_role_policy_attachment.cluster_AmazonEKSVPCResourceControllerPolicy",
            "module.cluster.module.eks.aws_security_group.cluster",
            "module.cluster.module.eks.aws_security_group.workers",
            "module.cluster.module.eks.aws_security_group_rule.cluster_egress_internet",
            "module.cluster.module.eks.aws_security_group_rule.cluster_https_worker_ingress",
            "module.cluster.module.eks.data.aws_iam_policy_document.cluster_assume_role_policy",
            "module.cluster.module.eks.data.aws_iam_role.custom_cluster_iam_role",
            "module.cluster.module.eks.data.aws_partition.current"
          ],
          "create_before_destroy": true
        }
      ]
    },
    {
      "module": "module.cluster.module.eks",
      "mode": "managed",
      "type": "aws_iam_role",
      "name": "cluster",
      "provider": "module.cluster.provider[\"registry.terraform.io/hashicorp/aws\"]",
      "instances": [
        {
          "index_key": 0,
          "schema_version": 0,
          "attributes": {
            "arn": "arn:aws:iam::947342103870:role/cluster120210116090824760500000004",
            "assume_role_policy": "{\"Version\":\"2012-10-17\",\"Statement\":[{\"Sid\":\"EKSClusterAssumeRole\",\"Effect\":\"Allow\",\"Principal\":{\"Service\":\"eks.amazonaws.com\"},\"Action\":\"sts:AssumeRole\"}]}",
            "create_date": "2021-01-16T09:08:29Z",
            "description": "",
            "force_detach_policies": true,
            "id": "cluster120210116090824760500000004",
            "max_session_duration": 3600,
            "name": "cluster120210116090824760500000004",
            "name_prefix": "cluster1",
            "path": "/",
            "permissions_boundary": null,
            "tags": null,
            "unique_id": "AROA5ZEP5KU7EWHSS77M5"
          },
          "sensitive_attributes": [],
          "private": "bnVsbA==",
          "dependencies": [
            "module.cluster.module.eks.data.aws_iam_policy_document.cluster_assume_role_policy"
          ],
          "create_before_destroy": true
        }
      ]
    },
    {
      "module": "module.cluster.module.eks",
      "mode": "managed",
      "type": "aws_iam_role",
      "name": "workers",
      "provider": "module.cluster.provider[\"registry.terraform.io/hashicorp/aws\"]",
      "instances": [
        {
          "index_key": 0,
          "schema_version": 0,
          "attributes": {
            "arn": "arn:aws:iam::947342103870:role/cluster120210116092132126600000009",
            "assume_role_policy": "{\"Version\":\"2012-10-17\",\"Statement\":[{\"Sid\":\"EKSWorkerAssumeRole\",\"Effect\":\"Allow\",\"Principal\":{\"Service\":\"ec2.amazonaws.com\"},\"Action\":\"sts:AssumeRole\"}]}",
            "create_date": "2021-01-16T09:21:36Z",
            "description": "",
            "force_detach_policies": true,
            "id": "cluster120210116092132126600000009",
            "max_session_duration": 3600,
            "name": "cluster120210116092132126600000009",
            "name_prefix": "cluster1",
            "path": "/",
            "permissions_boundary": null,
            "tags": null,
            "unique_id": "AROA5ZEP5KU7LLH6LKNDE"
          },
          "sensitive_attributes": [],
          "private": "bnVsbA==",
          "dependencies": [
            "data.terraform_remote_state.vpc",
            "module.cluster.module.eks.aws_cloudwatch_log_group.this",
            "module.cluster.module.eks.aws_eks_cluster.this",
            "module.cluster.module.eks.aws_iam_role.cluster",
            "module.cluster.module.eks.aws_iam_role_policy_attachment.cluster_AmazonEKSClusterPolicy",
            "module.cluster.module.eks.aws_iam_role_policy_attachment.cluster_AmazonEKSServicePolicy",
            "module.cluster.module.eks.aws_iam_role_policy_attachment.cluster_AmazonEKSVPCResourceControllerPolicy",
            "module.cluster.module.eks.aws_security_group.cluster",
            "module.cluster.module.eks.aws_security_group.workers",
            "module.cluster.module.eks.aws_security_group_rule.cluster_egress_internet",
            "module.cluster.module.eks.aws_security_group_rule.cluster_https_worker_ingress",
            "module.cluster.module.eks.data.aws_iam_policy_document.cluster_assume_role_policy",
            "module.cluster.module.eks.data.aws_iam_policy_document.workers_assume_role_policy",
            "module.cluster.module.eks.data.aws_iam_role.custom_cluster_iam_role",
            "module.cluster.module.eks.data.aws_partition.current"
          ],
          "create_before_destroy": true
        }
      ]
    },
    {
      "module": "module.cluster.module.eks",
      "mode": "managed",
      "type": "aws_iam_role_policy_attachment",
      "name": "cluster_AmazonEKSClusterPolicy",
      "provider": "module.cluster.provider[\"registry.terraform.io/hashicorp/aws\"]",
      "instances": [
        {
          "index_key": 0,
          "schema_version": 0,
          "attributes": {
            "id": "cluster120210116090824760500000004-20210116090837287400000007",
            "policy_arn": "arn:aws:iam::aws:policy/AmazonEKSClusterPolicy",
            "role": "cluster120210116090824760500000004"
          },
          "sensitive_attributes": [],
          "private": "bnVsbA==",
          "dependencies": [
            "module.cluster.module.eks.aws_iam_role.cluster",
            "module.cluster.module.eks.data.aws_iam_policy_document.cluster_assume_role_policy",
            "module.cluster.module.eks.data.aws_partition.current"
          ],
          "create_before_destroy": true
        }
      ]
    },
    {
      "module": "module.cluster.module.eks",
      "mode": "managed",
      "type": "aws_iam_role_policy_attachment",
      "name": "cluster_AmazonEKSServicePolicy",
      "provider": "module.cluster.provider[\"registry.terraform.io/hashicorp/aws\"]",
      "instances": [
        {
          "index_key": 0,
          "schema_version": 0,
          "attributes": {
            "id": "cluster120210116090824760500000004-20210116090837278800000006",
            "policy_arn": "arn:aws:iam::aws:policy/AmazonEKSServicePolicy",
            "role": "cluster120210116090824760500000004"
          },
          "sensitive_attributes": [],
          "private": "bnVsbA==",
          "dependencies": [
            "module.cluster.module.eks.aws_iam_role.cluster",
            "module.cluster.module.eks.data.aws_iam_policy_document.cluster_assume_role_policy",
            "module.cluster.module.eks.data.aws_partition.current"
          ],
          "create_before_destroy": true
        }
      ]
    },
    {
      "module": "module.cluster.module.eks",
      "mode": "managed",
      "type": "aws_iam_role_policy_attachment",
      "name": "cluster_AmazonEKSVPCResourceControllerPolicy",
      "provider": "module.cluster.provider[\"registry.terraform.io/hashicorp/aws\"]",
      "instances": [
        {
          "index_key": 0,
          "schema_version": 0,
          "attributes": {
            "id": "cluster120210116090824760500000004-20210116090837247500000005",
            "policy_arn": "arn:aws:iam::aws:policy/AmazonEKSVPCResourceController",
            "role": "cluster120210116090824760500000004"
          },
          "sensitive_attributes": [],
          "private": "bnVsbA==",
          "dependencies": [
            "module.cluster.module.eks.aws_iam_role.cluster",
            "module.cluster.module.eks.data.aws_iam_policy_document.cluster_assume_role_policy",
            "module.cluster.module.eks.data.aws_partition.current"
          ],
          "create_before_destroy": true
        }
      ]
    },
    {
      "module": "module.cluster.module.eks",
      "mode": "managed",
      "type": "aws_security_group",
      "name": "cluster",
      "provider": "module.cluster.provider[\"registry.terraform.io/hashicorp/aws\"]",
      "instances": [
        {
          "index_key": 0,
          "schema_version": 1,
          "attributes": {
            "arn": "arn:aws:ec2:eu-west-1:947342103870:security-group/sg-0ace68d01f808d7c6",
            "description": "EKS cluster security group.",
            "egress": [],
            "id": "sg-0ace68d01f808d7c6",
            "ingress": [],
            "name": "cluster120210116090824746100000002",
            "name_prefix": "cluster1",
            "owner_id": "947342103870",
            "revoke_rules_on_delete": false,
            "tags": {
              "Name": "cluster1-eks_cluster_sg"
            },
            "timeouts": null,
            "vpc_id": "vpc-058cc6a155bfcd98c"
          },
          "sensitive_attributes": [],
          "private": "eyJlMmJmYjczMC1lY2FhLTExZTYtOGY4OC0zNDM2M2JjN2M0YzAiOnsiY3JlYXRlIjo2MDAwMDAwMDAwMDAsImRlbGV0ZSI6NjAwMDAwMDAwMDAwfSwic2NoZW1hX3ZlcnNpb24iOiIxIn0=",
          "dependencies": [
            "data.terraform_remote_state.vpc"
          ],
          "create_before_destroy": true
        }
      ]
    },
    {
      "module": "module.cluster.module.eks",
      "mode": "managed",
      "type": "aws_security_group",
      "name": "workers",
      "provider": "module.cluster.provider[\"registry.terraform.io/hashicorp/aws\"]",
      "instances": [
        {
          "index_key": 0,
          "schema_version": 1,
          "attributes": {
            "arn": "arn:aws:ec2:eu-west-1:947342103870:security-group/sg-07b04ced13b4b958f",
            "description": "Security group for all nodes in the cluster.",
            "egress": [],
            "id": "sg-07b04ced13b4b958f",
            "ingress": [],
            "name": "cluster120210116090824737800000001",
            "name_prefix": "cluster1",
            "owner_id": "947342103870",
            "revoke_rules_on_delete": false,
            "tags": {
              "Name": "cluster1-eks_worker_sg",
              "kubernetes.io/cluster/cluster1": "owned"
            },
            "timeouts": null,
            "vpc_id": "vpc-058cc6a155bfcd98c"
          },
          "sensitive_attributes": [],
          "private": "eyJlMmJmYjczMC1lY2FhLTExZTYtOGY4OC0zNDM2M2JjN2M0YzAiOnsiY3JlYXRlIjo2MDAwMDAwMDAwMDAsImRlbGV0ZSI6NjAwMDAwMDAwMDAwfSwic2NoZW1hX3ZlcnNpb24iOiIxIn0=",
          "dependencies": [
            "data.terraform_remote_state.vpc"
          ],
          "create_before_destroy": true
        }
      ]
    },
    {
      "module": "module.cluster.module.eks",
      "mode": "managed",
      "type": "aws_security_group_rule",
      "name": "cluster_egress_internet",
      "provider": "module.cluster.provider[\"registry.terraform.io/hashicorp/aws\"]",
      "instances": [
        {
          "index_key": 0,
          "schema_version": 2,
          "attributes": {
            "cidr_blocks": [
              "0.0.0.0/0"
            ],
            "description": "Allow cluster egress access to the Internet.",
            "from_port": 0,
            "id": "sgrule-88666314",
            "ipv6_cidr_blocks": null,
            "prefix_list_ids": null,
            "protocol": "-1",
            "security_group_id": "sg-0ace68d01f808d7c6",
            "self": false,
            "source_security_group_id": null,
            "to_port": 0,
            "type": "egress"
          },
          "sensitive_attributes": [],
          "private": "eyJzY2hlbWFfdmVyc2lvbiI6IjIifQ==",
          "dependencies": [
            "data.terraform_remote_state.vpc",
            "module.cluster.module.eks.aws_security_group.cluster"
          ],
          "create_before_destroy": true
        }
      ]
    },
    {
      "module": "module.cluster.module.eks",
      "mode": "managed",
      "type": "aws_security_group_rule",
      "name": "cluster_https_worker_ingress",
      "provider": "module.cluster.provider[\"registry.terraform.io/hashicorp/aws\"]",
      "instances": [
        {
          "index_key": 0,
          "schema_version": 2,
          "attributes": {
            "cidr_blocks": null,
            "description": "Allow pods to communicate with the EKS cluster API.",
            "from_port": 443,
            "id": "sgrule-2046045602",
            "ipv6_cidr_blocks": null,
            "prefix_list_ids": null,
            "protocol": "tcp",
            "security_group_id": "sg-0ace68d01f808d7c6",
            "self": false,
            "source_security_group_id": "sg-07b04ced13b4b958f",
            "to_port": 443,
            "type": "ingress"
          },
          "sensitive_attributes": [],
          "private": "eyJzY2hlbWFfdmVyc2lvbiI6IjIifQ==",
          "dependencies": [
            "data.terraform_remote_state.vpc",
            "module.cluster.module.eks.aws_security_group.cluster",
            "module.cluster.module.eks.aws_security_group.workers"
          ],
          "create_before_destroy": true
        }
      ]
    },
    {
      "module": "module.cluster.module.eks",
      "mode": "managed",
      "type": "kubernetes_config_map",
      "name": "aws_auth",
      "provider": "module.cluster.provider[\"registry.terraform.io/hashicorp/kubernetes\"]",
      "instances": [
        {
          "index_key": 0,
          "schema_version": 0,
          "attributes": {
            "binary_data": null,
            "data": {
              "mapAccounts": "[]\n",
              "mapRoles": "- \"groups\":\n  - \"system:bootstrappers\"\n  - \"system:nodes\"\n  \"rolearn\": \"arn:aws:iam::947342103870:role/cluster120210116092132126600000009\"\n  \"username\": \"system:node:{{EC2PrivateDNSName}}\"\n",
              "mapUsers": "[]\n"
            },
            "id": "kube-system/aws-auth",
            "metadata": [
              {
                "annotations": null,
                "generate_name": "",
                "generation": 0,
                "labels": {
                  "app.kubernetes.io/managed-by": "Terraform",
                  "terraform.io/module": "terraform-aws-modules.eks.aws"
                },
                "name": "aws-auth",
                "namespace": "kube-system",
                "resource_version": "1009",
                "self_link": "/api/v1/namespaces/kube-system/configmaps/aws-auth",
                "uid": "a3b82502-c068-4646-8e92-c87e02e2bb43"
              }
            ]
          },
          "sensitive_attributes": []
        }
      ]
    },
    {
      "module": "module.cluster.module.eks",
      "mode": "managed",
      "type": "null_resource",
      "name": "wait_for_cluster",
      "provider": "provider[\"registry.terraform.io/hashicorp/null\"]",
      "instances": [
        {
          "index_key": 0,
          "schema_version": 0,
          "attributes": {
            "id": "1096917916852457572",
            "triggers": null
          },
          "sensitive_attributes": [],
          "private": "bnVsbA==",
          "dependencies": [
            "data.terraform_remote_state.vpc",
            "module.cluster.module.eks.aws_cloudwatch_log_group.this",
            "module.cluster.module.eks.aws_eks_cluster.this",
            "module.cluster.module.eks.aws_iam_role.cluster",
            "module.cluster.module.eks.aws_iam_role_policy_attachment.cluster_AmazonEKSClusterPolicy",
            "module.cluster.module.eks.aws_iam_role_policy_attachment.cluster_AmazonEKSServicePolicy",
            "module.cluster.module.eks.aws_iam_role_policy_attachment.cluster_AmazonEKSVPCResourceControllerPolicy",
            "module.cluster.module.eks.aws_security_group.cluster",
            "module.cluster.module.eks.aws_security_group.workers",
            "module.cluster.module.eks.aws_security_group_rule.cluster_egress_internet",
            "module.cluster.module.eks.aws_security_group_rule.cluster_https_worker_ingress",
            "module.cluster.module.eks.aws_security_group_rule.cluster_private_access",
            "module.cluster.module.eks.data.aws_iam_policy_document.cluster_assume_role_policy",
            "module.cluster.module.eks.data.aws_iam_role.custom_cluster_iam_role",
            "module.cluster.module.eks.data.aws_partition.current"
          ],
          "create_before_destroy": true
        }
      ]
    }
  ]
}
